
Microsoft Visual Studio Solution File, Format Version 12.00
# Visual Studio 14
VisualStudioVersion = 14.0.25420.1
MinimumVisualStudioVersion = 10.0.40219.1
Project("{FAE04EC0-301F-11D3-BF4B-00C04F79EFBC}") = "SEO_Analyser", "SEO_Analyser\SEO_Analyser.csproj", "{AD10E7BC-2150-461C-AAE7-473740A9A72B}"
EndProject
Project("{FAE04EC0-301F-11D3-BF4B-00C04F79EFBC}") = "UnitTestSEO", "UnitTestSEO\UnitTestSEO.csproj", "{C4BBEC3B-C8B0-407D-BD2F-236ED0C03FE2}"
EndProject
Global
	GlobalSection(SolutionConfigurationPlatforms) = preSolution
		Debug|Any CPU = Debug|Any CPU
		Release|Any CPU = Release|Any CPU
	EndGlobalSection
	GlobalSection(ProjectConfigurationPlatforms) = postSolution
		{AD10E7BC-2150-461C-AAE7-473740A9A72B}.Debug|Any CPU.ActiveCfg = Debug|Any CPU
		{AD10E7BC-2150-461C-AAE7-473740A9A72B}.Debug|Any CPU.Build.0 = Debug|Any CPU
		{AD10E7BC-2150-461C-AAE7-473740A9A72B}.Release|Any CPU.ActiveCfg = Release|Any CPU
		{AD10E7BC-2150-461C-AAE7-473740A9A72B}.Release|Any CPU.Build.0 = Release|Any CPU
		{C4BBEC3B-C8B0-407D-BD2F-236ED0C03FE2}.Debug|Any CPU.ActiveCfg = Debug|Any CPU
		{C4BBEC3B-C8B0-407D-BD2F-236ED0C03FE2}.Debug|Any CPU.Build.0 = Debug|Any CPU
		{C4BBEC3B-C8B0-407D-BD2F-236ED0C03FE2}.Release|Any CPU.ActiveCfg = Release|Any CPU
		{C4BBEC3B-C8B0-407D-BD2F-236ED0C03FE2}.Release|Any CPU.Build.0 = Release|Any CPU
	EndGlobalSection
	GlobalSection(SolutionProperties) = preSolution
		HideSolutionNode = FALSE
	EndGlobalSection
EndGlobal
